
Microsoft Visual Studio Solution File, Format Version 12.00
# Visual Studio Version 16
VisualStudioVersion = 16.0.31005.135
MinimumVisualStudioVersion = 10.0.40219.1
Project("{9A19103F-16F7-4668-BE54-9A1E7A4F7556}") = "AdvancedCosmetics", "AdvancedCosmetics\AdvancedCosmetics.csproj", "{51F1482E-DE95-4DBA-A854-80ADDAF5DB91}"
EndProject
Global
	GlobalSection(SolutionConfigurationPlatforms) = preSolution
		Debug|Any CPU = Debug|Any CPU
		Release|Any CPU = Release|Any CPU
	EndGlobalSection
	GlobalSection(ProjectConfigurationPlatforms) = postSolution
		{51F1482E-DE95-4DBA-A854-80ADDAF5DB91}.Debug|Any CPU.ActiveCfg = Debug|Any CPU
		{51F1482E-DE95-4DBA-A854-80ADDAF5DB91}.Debug|Any CPU.Build.0 = Debug|Any CPU
		{51F1482E-DE95-4DBA-A854-80ADDAF5DB91}.Release|Any CPU.ActiveCfg = Release|Any CPU
		{51F1482E-DE95-4DBA-A854-80ADDAF5DB91}.Release|Any CPU.Build.0 = Release|Any CPU
	EndGlobalSection
	GlobalSection(SolutionProperties) = preSolution
		HideSolutionNode = FALSE
	EndGlobalSection
	GlobalSection(ExtensibilityGlobals) = postSolution
		SolutionGuid = {B72B2BF7-EE3A-497E-89B7-A3A58DBEC09A}
	EndGlobalSection
EndGlobal
