
Microsoft Visual Studio Solution File, Format Version 12.00
# Visual Studio Version 16
VisualStudioVersion = 16.0.31005.135
MinimumVisualStudioVersion = 10.0.40219.1
Project("{FAE04EC0-301F-11D3-BF4B-00C04F79EFBC}") = "Feli.RocketMod.AdvancedCosmetics", "Feli.RocketMod.AdvancedCosmetics\Feli.RocketMod.AdvancedCosmetics.csproj", "{B27ACFA6-2CAF-4FE0-BE99-43FE5F5DDEF4}"
EndProject
Project("{FAE04EC0-301F-11D3-BF4B-00C04F79EFBC}") = "Feli.OpenMod.AdvancedCosmetics", "Feli.OpenMod.AdvancedCosmetics\Feli.OpenMod.AdvancedCosmetics.csproj", "{BA53361B-1E88-4A75-9C7B-0F083FBFE781}"
EndProject
Global
	GlobalSection(SolutionConfigurationPlatforms) = preSolution
		Debug|Any CPU = Debug|Any CPU
		Release|Any CPU = Release|Any CPU
	EndGlobalSection
	GlobalSection(ProjectConfigurationPlatforms) = postSolution
		{B27ACFA6-2CAF-4FE0-BE99-43FE5F5DDEF4}.Debug|Any CPU.ActiveCfg = Debug|Any CPU
		{B27ACFA6-2CAF-4FE0-BE99-43FE5F5DDEF4}.Debug|Any CPU.Build.0 = Debug|Any CPU
		{B27ACFA6-2CAF-4FE0-BE99-43FE5F5DDEF4}.Release|Any CPU.ActiveCfg = Release|Any CPU
		{B27ACFA6-2CAF-4FE0-BE99-43FE5F5DDEF4}.Release|Any CPU.Build.0 = Release|Any CPU
		{BA53361B-1E88-4A75-9C7B-0F083FBFE781}.Debug|Any CPU.ActiveCfg = Debug|Any CPU
		{BA53361B-1E88-4A75-9C7B-0F083FBFE781}.Debug|Any CPU.Build.0 = Debug|Any CPU
		{BA53361B-1E88-4A75-9C7B-0F083FBFE781}.Release|Any CPU.ActiveCfg = Release|Any CPU
		{BA53361B-1E88-4A75-9C7B-0F083FBFE781}.Release|Any CPU.Build.0 = Release|Any CPU
	EndGlobalSection
	GlobalSection(SolutionProperties) = preSolution
		HideSolutionNode = FALSE
	EndGlobalSection
	GlobalSection(ExtensibilityGlobals) = postSolution
		SolutionGuid = {9EEEB2D1-1123-45F5-B1DC-33F55283B62F}
	EndGlobalSection
EndGlobal
